// !$*UTF8*$!
{
	archiveVersion = 1;
	classes = {
	};
	objectVersion = 110;
	objects = {

/* Begin PBXContainerItemProxy section */
		AE1E1A0730655DA70040A729 /* PBXContainerItemProxy */ = {
			isa = PBXContainerItemProxy;
			containerPortal = AE1E19F130655DA60040A729 /* Project object */;
			proxyType = 1;
			remoteGlobalIDString = AE1E19F830655DA60040A729;
			remoteInfo = JSONMapPractice;
		};
		AE1E1A1130655DA70040A729 /* PBXContainerItemProxy */ = {
			isa = PBXContainerItemProxy;
			containerPortal = AE1E19F130655DA60040A729 /* Project object */;
			proxyType = 1;
			remoteGlobalIDString = AE1E19F830655DA60040A729;
			remoteInfo = JSONMapPractice;
		};
/* End PBXContainerItemProxy section */

/* Begin PBXFileReference section */
		AE1E19F930655DA60040A729 /* JSONMapPractice.app */ = {isa = PBXFileReference; explicitFileType = wrapper.application; includeInIndex = 0; path = JSONMapPractice.app; sourceTree = BUILT_PRODUCTS_DIR; };
		AE1E1A0630655DA70040A729 /* JSONMapPracticeTests.xctest */ = {isa = PBXFileReference; explicitFileType = wrapper.cfbundle; includeInIndex = 0; path = JSONMapPracticeTests.xctest; sourceTree = BUILT_PRODUCTS_DIR; };
		AE1E1A1030655DA70040A729 /* JSONMapPracticeUITests.xctest */ = {isa = PBXFileReference; explicitFileType = wrapper.cfbundle; includeInIndex = 0; path = JSONMapPracticeUITests.xctest; sourceTree = BUILT_PRODUCTS_DIR; };
/* End PBXFileReference section */

/* Begin PBXFileSystemSynchronizedRootGroup section */
		AE1E19FB30655DA60040A729 /* JSONMapPractice */ = {
			isa = PBXFileSystemSynchronizedRootGroup;
			path = JSONMapPractice;
			sourceTree = "<group>";
		};
		AE1E1A0930655DA70040A729 /* JSONMapPracticeTests */ = {
			isa = PBXFileSystemSynchronizedRootGroup;
			path = JSONMapPracticeTests;
			sourceTree = "<group>";
		};
		AE1E1A1330655DA70040A729 /* JSONMapPracticeUITests */ = {
			isa = PBXFileSystemSynchronizedRootGroup;
			path = JSONMapPracticeUITests;
			sourceTree = "<group>";
		};
/* End PBXFileSystemSynchronizedRootGroup section */

/* Begin PBXFrameworksBuildPhase section */
		AE1E19F630655DA60040A729 /* Frameworks */ = {
			isa = PBXFrameworksBuildPhase;
			files = (
			);
		};
		AE1E1A0330655DA70040A729 /* Frameworks */ = {
			isa = PBXFrameworksBuildPhase;
			files = (
			);
		};
		AE1E1A0D30655DA70040A729 /* Frameworks */ = {
			isa = PBXFrameworksBuildPhase;
			files = (
			);
		};
/* End PBXFrameworksBuildPhase section */

/* Begin PBXGroup section */
		AE1E19F030655DA60040A729 = {
			isa = PBXGroup;
			children = (
				AE1E19FB30655DA60040A729 /* JSONMapPractice */,
				AE1E1A0930655DA70040A729 /* JSONMapPracticeTests */,
				AE1E1A1330655DA70040A729 /* JSONMapPracticeUITests */,
				AE1E19FA30655DA60040A729 /* Products */,
			);
			sourceTree = "<group>";
		};
		AE1E19FA30655DA60040A729 /* Products */ = {
			isa = PBXGroup;
			children = (
				AE1E19F930655DA60040A729 /* JSONMapPractice.app */,
				AE1E1A0630655DA70040A729 /* JSONMapPracticeTests.xctest */,
				AE1E1A1030655DA70040A729 /* JSONMapPracticeUITests.xctest */,
			);
			name = Products;
			sourceTree = "<group>";
		};
/* End PBXGroup section */

/* Begin PBXNativeTarget section */
		AE1E19F830655DA60040A729 /* JSONMapPractice */ = {
			isa = PBXNativeTarget;
			buildConfigurationList = AE1E1A1830655DA70040A729 /* Build configuration list for PBXNativeTarget "JSONMapPractice" */;
			buildPhases = (
				AE1E19F530655DA60040A729 /* Sources */,
				AE1E19F630655DA60040A729 /* Frameworks */,
				AE1E19F730655DA60040A729 /* Resources */,
			);
			buildRules = (
			);
			fileSystemSynchronizedGroups = (
				AE1E19FB30655DA60040A729 /* JSONMapPractice */,
			);
			name = JSONMapPractice;
			productName = JSONMapPractice;
			productReference = AE1E19F930655DA60040A729 /* JSONMapPractice.app */;
			productType = "com.apple.product-type.application";
		};
		AE1E1A0530655DA70040A729 /* JSONMapPracticeTests */ = {
			isa = PBXNativeTarget;
			buildConfigurationList = AE1E1A1B30655DA70040A729 /* Build configuration list for PBXNativeTarget "JSONMapPracticeTests" */;
			buildPhases = (
				AE1E1A0230655DA70040A729 /* Sources */,
				AE1E1A0330655DA70040A729 /* Frameworks */,
				AE1E1A0430655DA70040A729 /* Resources */,
			);
			buildRules = (
			);
			dependencies = (
				AE1E1A0830655DA70040A729 /* PBXTargetDependency */,
			);
			fileSystemSynchronizedGroups = (
				AE1E1A0930655DA70040A729 /* JSONMapPracticeTests */,
			);
			name = JSONMapPracticeTests;
			productName = JSONMapPracticeTests;
			productReference = AE1E1A0630655DA70040A729 /* JSONMapPracticeTests.xctest */;
			productType = "com.apple.product-type.bundle.unit-test";
		};
		AE1E1A0F30655DA70040A729 /* JSONMapPracticeUITests */ = {
			isa = PBXNativeTarget;
			buildConfigurationList = AE1E1A1E30655DA70040A729 /* Build configuration list for PBXNativeTarget "JSONMapPracticeUITests" */;
			buildPhases = (
				AE1E1A0C30655DA70040A729 /* Sources */,
				AE1E1A0D30655DA70040A729 /* Frameworks */,
				AE1E1A0E30655DA70040A729 /* Resources */,
			);
			buildRules = (
			);
			dependencies = (
				AE1E1A1230655DA70040A729 /* PBXTargetDependency */,
			);
			fileSystemSynchronizedGroups = (
				AE1E1A1330655DA70040A729 /* JSONMapPracticeUITests */,
			);
			name = JSONMapPracticeUITests;
			productName = JSONMapPracticeUITests;
			productReference = AE1E1A1030655DA70040A729 /* JSONMapPracticeUITests.xctest */;
			productType = "com.apple.product-type.bundle.ui-testing";
		};
/* End PBXNativeTarget section */

/* Begin PBXProject section */
		AE1E19F130655DA60040A729 /* Project object */ = {
			isa = PBXProject;
			attributes = {
				BuildIndependentTargetsInParallel = 1;
				LastSwiftUpdateCheck = 2700;
				LastUpgradeCheck = 2700;
				TargetAttributes = {
					AE1E19F830655DA60040A729 = {
						CreatedOnToolsVersion = 27.0;
					};
					AE1E1A0530655DA70040A729 = {
						CreatedOnToolsVersion = 27.0;
						TestTargetID = AE1E19F830655DA60040A729;
					};
					AE1E1A0F30655DA70040A729 = {
						CreatedOnToolsVersion = 27.0;
						TestTargetID = AE1E19F830655DA60040A729;
					};
				};
			};
			buildConfigurationList = AE1E19F430655DA60040A729 /* Build configuration list for PBXProject "JSONMapPractice" */;
			developmentRegion = en;
			hasScannedForEncodings = 0;
			knownRegions = (
				en,
				Base,
			);
			mainGroup = AE1E19F030655DA60040A729;
			minimizedProjectReferenceProxies = 1;
			preferredProjectObjectVersion = 77;
			productRefGroup = AE1E19FA30655DA60040A729 /* Products */;
			projectDirPath = "";
			projectRoot = "";
			targets = (
				AE1E19F830655DA60040A729 /* JSONMapPractice */,
				AE1E1A0530655DA70040A729 /* JSONMapPracticeTests */,
				AE1E1A0F30655DA70040A729 /* JSONMapPracticeUITests */,
			);
		};
/* End PBXProject section */

/* Begin PBXResourcesBuildPhase section */
		AE1E19F730655DA60040A729 /* Resources */ = {
			isa = PBXResourcesBuildPhase;
			files = (
			);
		};
		AE1E1A0430655DA70040A729 /* Resources */ = {
			isa = PBXResourcesBuildPhase;
			files = (
			);
		};
		AE1E1A0E30655DA70040A729 /* Resources */ = {
			isa = PBXResourcesBuildPhase;
			files = (
			);
		};
/* End PBXResourcesBuildPhase section */

/* Begin PBXSourcesBuildPhase section */
		AE1E19F530655DA60040A729 /* Sources */ = {
			isa = PBXSourcesBuildPhase;
			files = (
			);
		};
		AE1E1A0230655DA70040A729 /* Sources */ = {
			isa = PBXSourcesBuildPhase;
			files = (
			);
		};
		AE1E1A0C30655DA70040A729 /* Sources */ = {
			isa = PBXSourcesBuildPhase;
			files = (
			);
		};
/* End PBXSourcesBuildPhase section */

/* Begin PBXTargetDependency section */
		AE1E1A0830655DA70040A729 /* PBXTargetDependency */ = {
			isa = PBXTargetDependency;
			target = AE1E19F830655DA60040A729 /* JSONMapPractice */;
			targetProxy = AE1E1A0730655DA70040A729 /* PBXContainerItemProxy */;
		};
		AE1E1A1230655DA70040A729 /* PBXTargetDependency */ = {
			isa = PBXTargetDependency;
			target = AE1E19F830655DA60040A729 /* JSONMapPractice */;
			targetProxy = AE1E1A1130655DA70040A729 /* PBXContainerItemProxy */;
		};
/* End PBXTargetDependency section */

/* Begin XCBuildConfiguration section */
		AE1E1A1630655DA70040A729 /* Debug configuration for PBXProject "JSONMapPractice" */ = {
			isa = XCBuildConfiguration;
			buildSettings = {
				ALWAYS_SEARCH_USER_PATHS = NO;
				ASSETCATALOG_COMPILER_GENERATE_SWIFT_ASSET_SYMBOL_EXTENSIONS = YES;
				CLANG_ANALYZER_NONNULL = YES;
				CLANG_ANALYZER_NUMBER_OBJECT_CONVERSION = YES_AGGRESSIVE;
				CLANG_CXX_LANGUAGE_STANDARD = "gnu++20";
				CLANG_ENABLE_MODULES = YES;
				CLANG_ENABLE_OBJC_ARC = YES;
				CLANG_ENABLE_OBJC_WEAK = YES;
				CLANG_WARN_BLOCK_CAPTURE_AUTORELEASING = YES;
				CLANG_WARN_BOOL_CONVERSION = YES;
				CLANG_WARN_COMMA = YES;
				CLANG_WARN_CONSTANT_CONVERSION = YES;
				CLANG_WARN_DEPRECATED_OBJC_IMPLEMENTATIONS = YES;
				CLANG_WARN_DIRECT_OBJC_ISA_USAGE = YES_ERROR;
				CLANG_WARN_DOCUMENTATION_COMMENTS = YES;
				CLANG_WARN_EMPTY_BODY = YES;
				CLANG_WARN_ENUM_CONVERSION = YES;
				CLANG_WARN_INFINITE_RECURSION = YES;
				CLANG_WARN_INT_CONVERSION = YES;
				CLANG_WARN_NON_LITERAL_NULL_CONVERSION = YES;
				CLANG_WARN_OBJC_IMPLICIT_RETAIN_SELF = YES;
				CLANG_WARN_OBJC_LITERAL_CONVERSION = YES;
				CLANG_WARN_OBJC_ROOT_CLASS = YES_ERROR;
				CLANG_WARN_QUOTED_INCLUDE_IN_FRAMEWORK_HEADER = YES;
				CLANG_WARN_RANGE_LOOP_ANALYSIS = YES;
				CLANG_WARN_STRICT_PROTOTYPES = YES;
				CLANG_WARN_SUSPICIOUS_MOVE = YES;
				CLANG_WARN_UNGUARDED_AVAILABILITY = YES_AGGRESSIVE;
				CLANG_WARN_UNREACHABLE_CODE = YES;
				CLANG_WARN__DUPLICATE_METHOD_MATCH = YES;
				COPY_PHASE_STRIP = NO;
				DEBUG_INFORMATION_FORMAT = dwarf;
				DEVELOPMENT_TEAM = 7SN46P9U3W;
				ENABLE_STRICT_OBJC_MSGSEND = YES;
				ENABLE_TESTABILITY = YES;
				ENABLE_USER_SCRIPT_SANDBOXING = YES;
				GCC_C_LANGUAGE_STANDARD = gnu17;
				GCC_DYNAMIC_NO_PIC = NO;
				GCC_NO_COMMON_BLOCKS = YES;
				GCC_OPTIMIZATION_LEVEL = 0;
				GCC_PREPROCESSOR_DEFINITIONS = (
					"DEBUG=1",
					"$(inherited)",
				);
				GCC_WARN_64_TO_32_BIT_CONVERSION = YES;
				GCC_WARN_ABOUT_RETURN_TYPE = YES_ERROR;
				GCC_WARN_UNDECLARED_SELECTOR = YES;
				GCC_WARN_UNINITIALIZED_AUTOS = YES_AGGRESSIVE;
				GCC_WARN_UNUSED_FUNCTION = YES;
				GCC_WARN_UNUSED_VARIABLE = YES;
				IPHONEOS_DEPLOYMENT_TARGET = 27.0;
				LOCALIZATION_PREFERS_STRING_CATALOGS = YES;
				MTL_ENABLE_DEBUG_INFO = INCLUDE_SOURCE;
				MTL_FAST_MATH = YES;
				ONLY_ACTIVE_ARCH = YES;
				SDKROOT = iphoneos;
				SWIFT_ACTIVE_COMPILATION_CONDITIONS = "DEBUG $(inherited)";
				SWIFT_OPTIMIZATION_LEVEL = "-Onone";
			};
			name = Debug;
		};
		AE1E1A1730655DA70040A729 /* Release configuration for PBXProject "JSONMapPractice" */ = {
			isa = XCBuildConfiguration;
			buildSettings = {
				ALWAYS_SEARCH_USER_PATHS = NO;
				ASSETCATALOG_COMPILER_GENERATE_SWIFT_ASSET_SYMBOL_EXTENSIONS = YES;
				CLANG_ANALYZER_NONNULL = YES;
				CLANG_ANALYZER_NUMBER_OBJECT_CONVERSION = YES_AGGRESSIVE;
				CLANG_CXX_LANGUAGE_STANDARD = "gnu++20";
				CLANG_ENABLE_MODULES = YES;
				CLANG_ENABLE_OBJC_ARC = YES;
				CLANG_ENABLE_OBJC_WEAK = YES;
				CLANG_WARN_BLOCK_CAPTURE_AUTORELEASING = YES;
				CLANG_WARN_BOOL_CONVERSION = YES;
				CLANG_WARN_COMMA = YES;
				CLANG_WARN_CONSTANT_CONVERSION = YES;
				CLANG_WARN_DEPRECATED_OBJC_IMPLEMENTATIONS = YES;
				CLANG_WARN_DIRECT_OBJC_ISA_USAGE = YES_ERROR;
				CLANG_WARN_DOCUMENTATION_COMMENTS = YES;
				CLANG_WARN_EMPTY_BODY = YES;
				CLANG_WARN_ENUM_CONVERSION = YES;
				CLANG_WARN_INFINITE_RECURSION = YES;
				CLANG_WARN_INT_CONVERSION = YES;
				CLANG_WARN_NON_LITERAL_NULL_CONVERSION = YES;
				CLANG_WARN_OBJC_IMPLICIT_RETAIN_SELF = YES;
				CLANG_WARN_OBJC_LITERAL_CONVERSION = YES;
				CLANG_WARN_OBJC_ROOT_CLASS = YES_ERROR;
				CLANG_WARN_QUOTED_INCLUDE_IN_FRAMEWORK_HEADER = YES;
				CLANG_WARN_RANGE_LOOP_ANALYSIS = YES;
				CLANG_WARN_STRICT_PROTOTYPES = YES;
				CLANG_WARN_SUSPICIOUS_MOVE = YES;
				CLANG_WARN_UNGUARDED_AVAILABILITY = YES_AGGRESSIVE;
				CLANG_WARN_UNREACHABLE_CODE = YES;
				CLANG_WARN__DUPLICATE_METHOD_MATCH = YES;
				COPY_PHASE_STRIP = NO;
				DEBUG_INFORMATION_FORMAT = "dwarf-with-dsym";
				DEVELOPMENT_TEAM = 7SN46P9U3W;
				ENABLE_NS_ASSERTIONS = NO;
				ENABLE_STRICT_OBJC_MSGSEND = YES;
				ENABLE_USER_SCRIPT_SANDBOXING = YES;
				GCC_C_LANGUAGE_STANDARD = gnu17;
				GCC_NO_COMMON_BLOCKS = YES;
				GCC_WARN_64_TO_32_BIT_CONVERSION = YES;
				GCC_WARN_ABOUT_RETURN_TYPE = YES_ERROR;
				GCC_WARN_UNDECLARED_SELECTOR = YES;
				GCC_WARN_UNINITIALIZED_AUTOS = YES_AGGRESSIVE;
				GCC_WARN_UNUSED_FUNCTION = YES;
				GCC_WARN_UNUSED_VARIABLE = YES;
				IPHONEOS_DEPLOYMENT_TARGET = 27.0;
				LOCALIZATION_PREFERS_STRING_CATALOGS = YES;
				MTL_ENABLE_DEBUG_INFO = NO;
				MTL_FAST_MATH = YES;
				SDKROOT = iphoneos;
				SWIFT_COMPILATION_MODE = wholemodule;
				VALIDATE_PRODUCT = YES;
			};
			name = Release;
		};
		AE1E1A1930655DA70040A729 /* Debug configuration for PBXNativeTarget "JSONMapPractice" */ = {
			isa = XCBuildConfiguration;
			buildSettings = {
				ASSETCATALOG_COMPILER_APPICON_NAME = AppIcon;
				ASSETCATALOG_COMPILER_GLOBAL_ACCENT_COLOR_NAME = AccentColor;
				CODE_SIGN_STYLE = Automatic;
				CURRENT_PROJECT_VERSION = 1;
				DEVELOPMENT_TEAM = 7SN46P9U3W;
				ENABLE_PREVIEWS = YES;
				GENERATE_INFOPLIST_FILE = YES;
				INFOPLIST_KEY_UIApplicationSceneManifest_Generation = YES;
				INFOPLIST_KEY_UIApplicationSupportsIndirectInputEvents = YES;
				INFOPLIST_KEY_UILaunchScreen_Generation = YES;
				INFOPLIST_KEY_UISupportedInterfaceOrientations_iPad = "UIInterfaceOrientationPortrait UIInterfaceOrientationPortraitUpsideDown UIInterfaceOrientationLandscapeLeft UIInterfaceOrientationLandscapeRight";
				INFOPLIST_KEY_UISupportedInterfaceOrientations_iPhone = "UIInterfaceOrientationPortrait UIInterfaceOrientationLandscapeLeft UIInterfaceOrientationLandscapeRight";
				LD_RUNPATH_SEARCH_PATHS = (
					"$(inherited)",
					"@executable_path/Frameworks",
				);
				MARKETING_VERSION = 1.0;
				PRODUCT_BUNDLE_IDENTIFIER = name.nylawilson.JSONMapPractice;
				PRODUCT_NAME = "$(TARGET_NAME)";
				STRING_CATALOG_GENERATE_SYMBOLS = YES;
				SWIFT_APPROACHABLE_CONCURRENCY = YES;
				SWIFT_DEFAULT_ACTOR_ISOLATION = MainActor;
				SWIFT_EMIT_LOC_STRINGS = YES;
				SWIFT_UPCOMING_FEATURE_MEMBER_IMPORT_VISIBILITY = YES;
				SWIFT_VERSION = 5.0;
				TARGETED_DEVICE_FAMILY = "1,2";
			};
			name = Debug;
		};
		AE1E1A1A30655DA70040A729 /* Release configuration for PBXNativeTarget "JSONMapPractice" */ = {
			isa = XCBuildConfiguration;
			buildSettings = {
				ASSETCATALOG_COMPILER_APPICON_NAME = AppIcon;
				ASSETCATALOG_COMPILER_GLOBAL_ACCENT_COLOR_NAME = AccentColor;
				CODE_SIGN_STYLE = Automatic;
				CURRENT_PROJECT_VERSION = 1;
				DEVELOPMENT_TEAM = 7SN46P9U3W;
				ENABLE_PREVIEWS = YES;
				GENERATE_INFOPLIST_FILE = YES;
				INFOPLIST_KEY_UIApplicationSceneManifest_Generation = YES;
				INFOPLIST_KEY_UIApplicationSupportsIndirectInputEvents = YES;
				INFOPLIST_KEY_UILaunchScreen_Generation = YES;
				INFOPLIST_KEY_UISupportedInterfaceOrientations_iPad = "UIInterfaceOrientationPortrait UIInterfaceOrientationPortraitUpsideDown UIInterfaceOrientationLandscapeLeft UIInterfaceOrientationLandscapeRight";
				INFOPLIST_KEY_UISupportedInterfaceOrientations_iPhone = "UIInterfaceOrientationPortrait UIInterfaceOrientationLandscapeLeft UIInterfaceOrientationLandscapeRight";
				LD_RUNPATH_SEARCH_PATHS = (
					"$(inherited)",
					"@executable_path/Frameworks",
				);
				MARKETING_VERSION = 1.0;
				PRODUCT_BUNDLE_IDENTIFIER = name.nylawilson.JSONMapPractice;
				PRODUCT_NAME = "$(TARGET_NAME)";
				STRING_CATALOG_GENERATE_SYMBOLS = YES;
				SWIFT_APPROACHABLE_CONCURRENCY = YES;
				SWIFT_DEFAULT_ACTOR_ISOLATION = MainActor;
				SWIFT_EMIT_LOC_STRINGS = YES;
				SWIFT_UPCOMING_FEATURE_MEMBER_IMPORT_VISIBILITY = YES;
				SWIFT_VERSION = 5.0;
				TARGETED_DEVICE_FAMILY = "1,2";
			};
			name = Release;
		};
		AE1E1A1C30655DA70040A729 /* Debug configuration for PBXNativeTarget "JSONMapPracticeTests" */ = {
			isa = XCBuildConfiguration;
			buildSettings = {
				BUNDLE_LOADER = "$(TEST_HOST)";
				CODE_SIGN_STYLE = Automatic;
				CURRENT_PROJECT_VERSION = 1;
				DEVELOPMENT_TEAM = 7SN46P9U3W;
				GENERATE_INFOPLIST_FILE = YES;
				IPHONEOS_DEPLOYMENT_TARGET = 27.0;
				MARKETING_VERSION = 1.0;
				PRODUCT_BUNDLE_IDENTIFIER = name.nylawilson.JSONMapPracticeTests;
				PRODUCT_NAME = "$(TARGET_NAME)";
				STRING_CATALOG_GENERATE_SYMBOLS = NO;
				SWIFT_APPROACHABLE_CONCURRENCY = YES;
				SWIFT_EMIT_LOC_STRINGS = NO;
				SWIFT_UPCOMING_FEATURE_MEMBER_IMPORT_VISIBILITY = YES;
				SWIFT_VERSION = 5.0;
				TARGETED_DEVICE_FAMILY = "1,2";
				TEST_HOST = "$(BUILT_PRODUCTS_DIR)/JSONMapPractice.app/$(BUNDLE_EXECUTABLE_FOLDER_PATH)/JSONMapPractice";
			};
			name = Debug;
		};
		AE1E1A1D30655DA70040A729 /* Release configuration for PBXNativeTarget "JSONMapPracticeTests" */ = {
			isa = XCBuildConfiguration;
			buildSettings = {
				BUNDLE_LOADER = "$(TEST_HOST)";
				CODE_SIGN_STYLE = Automatic;
				CURRENT_PROJECT_VERSION = 1;
				DEVELOPMENT_TEAM = 7SN46P9U3W;
				GENERATE_INFOPLIST_FILE = YES;
				IPHONEOS_DEPLOYMENT_TARGET = 27.0;
				MARKETING_VERSION = 1.0;
				PRODUCT_BUNDLE_IDENTIFIER = name.nylawilson.JSONMapPracticeTests;
				PRODUCT_NAME = "$(TARGET_NAME)";
				STRING_CATALOG_GENERATE_SYMBOLS = NO;
				SWIFT_APPROACHABLE_CONCURRENCY = YES;
				SWIFT_EMIT_LOC_STRINGS = NO;
				SWIFT_UPCOMING_FEATURE_MEMBER_IMPORT_VISIBILITY = YES;
				SWIFT_VERSION = 5.0;
				TARGETED_DEVICE_FAMILY = "1,2";
				TEST_HOST = "$(BUILT_PRODUCTS_DIR)/JSONMapPractice.app/$(BUNDLE_EXECUTABLE_FOLDER_PATH)/JSONMapPractice";
			};
			name = Release;
		};
		AE1E1A1F30655DA70040A729 /* Debug configuration for PBXNativeTarget "JSONMapPracticeUITests" */ = {
			isa = XCBuildConfiguration;
			buildSettings = {
				CODE_SIGN_STYLE = Automatic;
				CURRENT_PROJECT_VERSION = 1;
				DEVELOPMENT_TEAM = 7SN46P9U3W;
				GENERATE_INFOPLIST_FILE = YES;
				MARKETING_VERSION = 1.0;
				PRODUCT_BUNDLE_IDENTIFIER = name.nylawilson.JSONMapPracticeUITests;
				PRODUCT_NAME = "$(TARGET_NAME)";
				STRING_CATALOG_GENERATE_SYMBOLS = NO;
				SWIFT_APPROACHABLE_CONCURRENCY = YES;
				SWIFT_EMIT_LOC_STRINGS = NO;
				SWIFT_UPCOMING_FEATURE_MEMBER_IMPORT_VISIBILITY = YES;
				SWIFT_VERSION = 5.0;
				TARGETED_DEVICE_FAMILY = "1,2";
				TEST_TARGET_NAME = JSONMapPractice;
			};
			name = Debug;
		};
		AE1E1A2030655DA70040A729 /* Release configuration for PBXNativeTarget "JSONMapPracticeUITests" */ = {
			isa = XCBuildConfiguration;
			buildSettings = {
				CODE_SIGN_STYLE = Automatic;
				CURRENT_PROJECT_VERSION = 1;
				DEVELOPMENT_TEAM = 7SN46P9U3W;
				GENERATE_INFOPLIST_FILE = YES;
				MARKETING_VERSION = 1.0;
				PRODUCT_BUNDLE_IDENTIFIER = name.nylawilson.JSONMapPracticeUITests;
				PRODUCT_NAME = "$(TARGET_NAME)";
				STRING_CATALOG_GENERATE_SYMBOLS = NO;
				SWIFT_APPROACHABLE_CONCURRENCY = YES;
				SWIFT_EMIT_LOC_STRINGS = NO;
				SWIFT_UPCOMING_FEATURE_MEMBER_IMPORT_VISIBILITY = YES;
				SWIFT_VERSION = 5.0;
				TARGETED_DEVICE_FAMILY = "1,2";
				TEST_TARGET_NAME = JSONMapPractice;
			};
			name = Release;
		};
/* End XCBuildConfiguration section */

/* Begin XCConfigurationList section */
		AE1E19F430655DA60040A729 /* Build configuration list for PBXProject "JSONMapPractice" */ = {
			isa = XCConfigurationList;
			buildConfigurations = (
				AE1E1A1630655DA70040A729 /* Debug configuration for PBXProject "JSONMapPractice" */,
				AE1E1A1730655DA70040A729 /* Release configuration for PBXProject "JSONMapPractice" */,
			);
			defaultConfigurationName = Release;
		};
		AE1E1A1830655DA70040A729 /* Build configuration list for PBXNativeTarget "JSONMapPractice" */ = {
			isa = XCConfigurationList;
			buildConfigurations = (
				AE1E1A1930655DA70040A729 /* Debug configuration for PBXNativeTarget "JSONMapPractice" */,
				AE1E1A1A30655DA70040A729 /* Release configuration for PBXNativeTarget "JSONMapPractice" */,
			);
			defaultConfigurationName = Release;
		};
		AE1E1A1B30655DA70040A729 /* Build configuration list for PBXNativeTarget "JSONMapPracticeTests" */ = {
			isa = XCConfigurationList;
			buildConfigurations = (
				AE1E1A1C30655DA70040A729 /* Debug configuration for PBXNativeTarget "JSONMapPracticeTests" */,
				AE1E1A1D30655DA70040A729 /* Release configuration for PBXNativeTarget "JSONMapPracticeTests" */,
			);
			defaultConfigurationName = Release;
		};
		AE1E1A1E30655DA70040A729 /* Build configuration list for PBXNativeTarget "JSONMapPracticeUITests" */ = {
			isa = XCConfigurationList;
			buildConfigurations = (
				AE1E1A1F30655DA70040A729 /* Debug configuration for PBXNativeTarget "JSONMapPracticeUITests" */,
				AE1E1A2030655DA70040A729 /* Release configuration for PBXNativeTarget "JSONMapPracticeUITests" */,
			);
			defaultConfigurationName = Release;
		};
/* End XCConfigurationList section */
	};
	rootObject = AE1E19F130655DA60040A729 /* Project object */;
	validationLevel = 1;
}
